
Microsoft Visual Studio Solution File, Format Version 12.00
# Visual Studio 14
VisualStudioVersion = 14.0.23107.0
MinimumVisualStudioVersion = 10.0.40219.1
Project("{FAE04EC0-301F-11D3-BF4B-00C04F79EFBC}") = "NewsFocusTryItPage", "NewsFocusTryItPage\NewsFocusTryItPage.csproj", "{45420CA6-0C2A-4829-A29D-B9E316A4F59C}"
	ProjectSection(ProjectDependencies) = postProject
		{003E60CF-D750-4437-9401-3FD31D469E12} = {003E60CF-D750-4437-9401-3FD31D469E12}
	EndProjectSection
EndProject
Project("{E24C65DC-7377-472B-9ABA-BC803B73C61A}") = "NewsFocusService", "NewsFocusService\", "{003E60CF-D750-4437-9401-3FD31D469E12}"
	ProjectSection(WebsiteProperties) = preProject
		TargetFrameworkMoniker = ".NETFramework,Version%3Dv3.5"
		Debug.AspNetCompiler.VirtualPath = "/NewsFocusService"
		Debug.AspNetCompiler.PhysicalPath = "NewsFocusService\"
		Debug.AspNetCompiler.TargetPath = "PrecompiledWeb\NewsFocusService\"
		Debug.AspNetCompiler.Updateable = "true"
		Debug.AspNetCompiler.ForceOverwrite = "true"
		Debug.AspNetCompiler.FixedNames = "false"
		Debug.AspNetCompiler.Debug = "True"
		Release.AspNetCompiler.VirtualPath = "/NewsFocusService"
		Release.AspNetCompiler.PhysicalPath = "NewsFocusService\"
		Release.AspNetCompiler.TargetPath = "PrecompiledWeb\NewsFocusService\"
		Release.AspNetCompiler.Updateable = "true"
		Release.AspNetCompiler.ForceOverwrite = "true"
		Release.AspNetCompiler.FixedNames = "false"
		Release.AspNetCompiler.Debug = "False"
		VWDPort = "9939"
		SlnRelativePath = "NewsFocusService\"
	EndProjectSection
EndProject
Global
	GlobalSection(SolutionConfigurationPlatforms) = preSolution
		Debug|Any CPU = Debug|Any CPU
		Release|Any CPU = Release|Any CPU
	EndGlobalSection
	GlobalSection(ProjectConfigurationPlatforms) = postSolution
		{45420CA6-0C2A-4829-A29D-B9E316A4F59C}.Debug|Any CPU.ActiveCfg = Debug|Any CPU
		{45420CA6-0C2A-4829-A29D-B9E316A4F59C}.Debug|Any CPU.Build.0 = Debug|Any CPU
		{45420CA6-0C2A-4829-A29D-B9E316A4F59C}.Release|Any CPU.ActiveCfg = Release|Any CPU
		{45420CA6-0C2A-4829-A29D-B9E316A4F59C}.Release|Any CPU.Build.0 = Release|Any CPU
		{003E60CF-D750-4437-9401-3FD31D469E12}.Debug|Any CPU.ActiveCfg = Debug|Any CPU
		{003E60CF-D750-4437-9401-3FD31D469E12}.Debug|Any CPU.Build.0 = Debug|Any CPU
		{003E60CF-D750-4437-9401-3FD31D469E12}.Release|Any CPU.ActiveCfg = Debug|Any CPU
		{003E60CF-D750-4437-9401-3FD31D469E12}.Release|Any CPU.Build.0 = Debug|Any CPU
	EndGlobalSection
	GlobalSection(SolutionProperties) = preSolution
		HideSolutionNode = FALSE
	EndGlobalSection
EndGlobal
